
Microsoft Visual Studio Solution File, Format Version 12.00
# Visual Studio Version 17
VisualStudioVersion = 17.13.35825.156 d17.13
MinimumVisualStudioVersion = 10.0.40219.1
Project("{888888A0-9F3D-457C-B088-3A5042F75D52}") = "data-generator", "data-generator.pyproj", "{72D62700-CDA1-49B2-AE39-FAFA17B645FD}"
EndProject
Global
	GlobalSection(SolutionConfigurationPlatforms) = preSolution
		Debug|Any CPU = Debug|Any CPU
		Release|Any CPU = Release|Any CPU
	EndGlobalSection
	GlobalSection(ProjectConfigurationPlatforms) = postSolution
		{72D62700-CDA1-49B2-AE39-FAFA17B645FD}.Debug|Any CPU.ActiveCfg = Debug|Any CPU
		{72D62700-CDA1-49B2-AE39-FAFA17B645FD}.Release|Any CPU.ActiveCfg = Release|Any CPU
	EndGlobalSection
	GlobalSection(SolutionProperties) = preSolution
		HideSolutionNode = FALSE
	EndGlobalSection
	GlobalSection(ExtensibilityGlobals) = postSolution
		SolutionGuid = {5172761D-2C54-40EA-993B-F8CABB61A9F6}
	EndGlobalSection
EndGlobal
